<?xml version="1.0" encoding="utf-8"?>
<Project ToolsVersion="4.0" xmlns="http://schemas.microsoft.com/developer/msbuild/2003">
  <ItemGroup>
    <Filter Include="Form Files">
      <UniqueIdentifier>{99349809-55BA-4b9d-BF79-8FDBB0286EB3}</UniqueIdentifier>
      <Extensions>ui</Extensions>
      <ParseFiles>false</ParseFiles>
    </Filter>
    <Filter Include="Form Files">
      <UniqueIdentifier>{99349809-55BA-4b9d-BF79-8FDBB0286EB3}</UniqueIdentifier>
      <Extensions>ui</Extensions>
      <ParseFiles>false</ParseFiles>
    </Filter>
    <Filter Include="Generated Files">
      <UniqueIdentifier>{71ED8ED8-ACB9-4CE9-BBE1-E00B30144E11}</UniqueIdentifier>
      <Extensions>cpp;c;cxx;moc;h;def;odl;idl;res;</Extensions>
    </Filter>
    <Filter Include="Generated Files">
      <UniqueIdentifier>{71ED8ED8-ACB9-4CE9-BBE1-E00B30144E11}</UniqueIdentifier>
      <Extensions>cpp;c;cxx;moc;h;def;odl;idl;res;</Extensions>
    </Filter>
    <Filter Include="Header Files">
      <UniqueIdentifier>{93995380-89BD-4b04-88EB-625FBE52EBFB}</UniqueIdentifier>
      <Extensions>h;hpp;hxx;hm;inl;inc;xsd</Extensions>
    </Filter>
    <Filter Include="Header Files">
      <UniqueIdentifier>{93995380-89BD-4b04-88EB-625FBE52EBFB}</UniqueIdentifier>
      <Extensions>h;hpp;hxx;hm;inl;inc;xsd</Extensions>
    </Filter>
    <Filter Include="Resource Files">
      <UniqueIdentifier>{D9D6E242-F8AF-46E4-B9FD-80ECBC20BA3E}</UniqueIdentifier>
      <Extensions>qrc;*</Extensions>
      <ParseFiles>false</ParseFiles>
    </Filter>
    <Filter Include="Resource Files">
      <UniqueIdentifier>{D9D6E242-F8AF-46E4-B9FD-80ECBC20BA3E}</UniqueIdentifier>
      <Extensions>qrc;*</Extensions>
      <ParseFiles>false</ParseFiles>
    </Filter>
    <Filter Include="Source Files">
      <UniqueIdentifier>{4FC737F1-C7A5-4376-A066-2A32D752A2FF}</UniqueIdentifier>
      <Extensions>cpp;c;cxx;def;odl;idl;hpj;bat;asm;asmx</Extensions>
    </Filter>
    <Filter Include="Source Files">
      <UniqueIdentifier>{4FC737F1-C7A5-4376-A066-2A32D752A2FF}</UniqueIdentifier>
      <Extensions>cpp;c;cxx;def;odl;idl;hpj;bat;asm;asmx</Extensions>
    </Filter>
  </ItemGroup>
  <ItemGroup>
    <ClCompile Include="cliplabel.cpp">
      <Filter>Source Files</Filter>
    </ClCompile>
    <ClCompile Include="handdetection.cpp">
      <Filter>Source Files</Filter>
    </ClCompile>
    <ClCompile Include="main.cpp">
      <Filter>Source Files</Filter>
    </ClCompile>
    <ClCompile Include="mainwindow.cpp">
      <Filter>Source Files</Filter>
    </ClCompile>
    <ClCompile Include="myscrollarea.cpp">
      <Filter>Source Files</Filter>
    </ClCompile>
    <ClCompile Include="myslider.cpp">
      <Filter>Source Files</Filter>
    </ClCompile>
    <ClCompile Include="opflow.cpp">
      <Filter>Source Files</Filter>
    </ClCompile>
    <ClCompile Include="videoprocessor.cpp">
      <Filter>Source Files</Filter>
    </ClCompile>
    <ClCompile Include="blobtrack.cpp">
      <Filter>Source Files</Filter>
    </ClCompile>
  </ItemGroup>
  <ItemGroup>
    <CustomBuild Include="cliplabel.h">
      <Filter>Header Files</Filter>
    </CustomBuild>
    <ClInclude Include="handdetection.h">
      <Filter>Header Files</Filter>
    </ClInclude>
    <CustomBuild Include="mainwindow.h">
      <Filter>Header Files</Filter>
    </CustomBuild>
    <CustomBuild Include="myscrollarea.h">
      <Filter>Header Files</Filter>
    </CustomBuild>
    <CustomBuild Include="myslider.h">
      <Filter>Header Files</Filter>
    </CustomBuild>
    <ClInclude Include="opflow.h">
      <Filter>Header Files</Filter>
    </ClInclude>
    <ClInclude Include="videoprocessor.h">
      <Filter>Header Files</Filter>
    </ClInclude>
  </ItemGroup>
  <ItemGroup>
    <ClCompile Include="debug\moc_cliplabel.cpp">
      <Filter>Generated Files</Filter>
    </ClCompile>
    <ClCompile Include="release\moc_cliplabel.cpp">
      <Filter>Generated Files</Filter>
    </ClCompile>
    <ClCompile Include="debug\moc_mainwindow.cpp">
      <Filter>Generated Files</Filter>
    </ClCompile>
    <ClCompile Include="release\moc_mainwindow.cpp">
      <Filter>Generated Files</Filter>
    </ClCompile>
    <ClCompile Include="debug\moc_myscrollarea.cpp">
      <Filter>Generated Files</Filter>
    </ClCompile>
    <ClCompile Include="release\moc_myscrollarea.cpp">
      <Filter>Generated Files</Filter>
    </ClCompile>
    <ClCompile Include="debug\moc_myslider.cpp">
      <Filter>Generated Files</Filter>
    </ClCompile>
    <ClCompile Include="release\moc_myslider.cpp">
      <Filter>Generated Files</Filter>
    </ClCompile>
    <ClCompile Include="debug\qrc_myres.cpp">
      <Filter>Generated Files</Filter>
    </ClCompile>
    <ClCompile Include="release\qrc_myres.cpp">
      <Filter>Generated Files</Filter>
    </ClCompile>
    <ClInclude Include="ui_mainwindow.h">
      <Filter>Generated Files</Filter>
    </ClInclude>
  </ItemGroup>
  <ItemGroup>
    <CustomBuild Include="mainwindow.ui">
      <Filter>Form Files</Filter>
    </CustomBuild>
  </ItemGroup>
  <ItemGroup>
    <None Include="icons\add-track.png">
      <Filter>Resource Files</Filter>
    </None>
    <None Include="icons\cancel.png">
      <Filter>Resource Files</Filter>
    </None>
    <None Include="icons\cast.png">
      <Filter>Resource Files</Filter>
    </None>
    <None Include="icons\connect.png">
      <Filter>Resource Files</Filter>
    </None>
    <None Include="icons\cut_32.png">
      <Filter>Resource Files</Filter>
    </None>
    <None Include="icons\delete-track.png">
      <Filter>Resource Files</Filter>
    </None>
    <None Include="icons\delete_32.png">
      <Filter>Resource Files</Filter>
    </None>
    <None Include="icons\group_48.png">
      <Filter>Resource Files</Filter>
    </None>
    <None Include="icons\interpolation_48.png">
      <Filter>Resource Files</Filter>
    </None>
    <None Include="icons\load.png">
      <Filter>Resource Files</Filter>
    </None>
    <CustomBuild Include="myres.qrc">
      <Filter>Resource Files</Filter>
    </CustomBuild>
    <None Include="icons\pause_24.png">
      <Filter>Resource Files</Filter>
    </None>
    <None Include="icons\play_24.png">
      <Filter>Resource Files</Filter>
    </None>
    <None Include="icons\play_32.png">
      <Filter>Resource Files</Filter>
    </None>
    <None Include="icons\resume_32.png">
      <Filter>Resource Files</Filter>
    </None>
    <None Include="icons\reverse_32.png">
      <Filter>Resource Files</Filter>
    </None>
    <None Include="icons\save.png">
      <Filter>Resource Files</Filter>
    </None>
    <None Include="icons\select-clip.png">
      <Filter>Resource Files</Filter>
    </None>
    <None Include="icons\select-track.png">
      <Filter>Resource Files</Filter>
    </None>
    <None Include="icons\select.png">
      <Filter>Resource Files</Filter>
    </None>
    <None Include="icons\settings.png">
      <Filter>Resource Files</Filter>
    </None>
    <None Include="icons\stop_24.png">
      <Filter>Resource Files</Filter>
    </None>
    <None Include="icons\swap.png">
      <Filter>Resource Files</Filter>
    </None>
    <None Include="icons\tick.png">
      <Filter>Resource Files</Filter>
    </None>
    <None Include="icons\tick_32.png">
      <Filter>Resource Files</Filter>
    </None>
    <None Include="icons\ungroup_48.png">
      <Filter>Resource Files</Filter>
    </None>
    <None Include="icons\view-track.png">
      <Filter>Resource Files</Filter>
    </None>
    <None Include="icons\zoom-in.png">
      <Filter>Resource Files</Filter>
    </None>
    <None Include="icons\zoom-out.png">
      <Filter>Resource Files</Filter>
    </None>
  </ItemGroup>
  <ItemGroup>
    <ClInclude Include="blobtrack.h">
      <Filter>Header Files</Filter>
    </ClInclude>
  </ItemGroup>
</Project>